// !$*UTF8*$!
{
	archiveVersion = 1;
	classes = {
	};
	objectVersion = 55;
	objects = {

/* Begin PBXBuildFile section */
		4D025709277B8CBA008E349C /* ListCollectionView.swift in Sources */ = {isa = PBXBuildFile; fileRef = 4D025708277B8CBA008E349C /* ListCollectionView.swift */; };
		4D028C1327624F78006AA477 /* AppDelegate.swift in Sources */ = {isa = PBXBuildFile; fileRef = 4D028C1227624F78006AA477 /* AppDelegate.swift */; };
		4D028C1C27624F79006AA477 /* Assets.xcassets in Resources */ = {isa = PBXBuildFile; fileRef = 4D028C1B27624F79006AA477 /* Assets.xcassets */; };
		4D028C1F27624F79006AA477 /* LaunchScreen.storyboard in Resources */ = {isa = PBXBuildFile; fileRef = 4D028C1D27624F79006AA477 /* LaunchScreen.storyboard */; };
		4D028C2827626527006AA477 /* AppCoordinator.swift in Sources */ = {isa = PBXBuildFile; fileRef = 4D028C2727626527006AA477 /* AppCoordinator.swift */; };
		4D13398227677C4A00B82F9D /* ListContainer.swift in Sources */ = {isa = PBXBuildFile; fileRef = 4D13398127677C4A00B82F9D /* ListContainer.swift */; };
		4D13398427677C6000B82F9D /* ListViewController.swift in Sources */ = {isa = PBXBuildFile; fileRef = 4D13398327677C6000B82F9D /* ListViewController.swift */; };
		4D13398627677C7500B82F9D /* ListRouter.swift in Sources */ = {isa = PBXBuildFile; fileRef = 4D13398527677C7500B82F9D /* ListRouter.swift */; };
		4D13398827677C8600B82F9D /* ListInteractor.swift in Sources */ = {isa = PBXBuildFile; fileRef = 4D13398727677C8600B82F9D /* ListInteractor.swift */; };
		4D13398A27677CA600B82F9D /* ListPresenter.swift in Sources */ = {isa = PBXBuildFile; fileRef = 4D13398927677CA600B82F9D /* ListPresenter.swift */; };
		4D13398C27677CFE00B82F9D /* ListProtocols.swift in Sources */ = {isa = PBXBuildFile; fileRef = 4D13398B27677CFE00B82F9D /* ListProtocols.swift */; };
		4D13399127678CCA00B82F9D /* ListTableView.swift in Sources */ = {isa = PBXBuildFile; fileRef = 4D13399027678CCA00B82F9D /* ListTableView.swift */; };
		4D13399427679EDE00B82F9D /* ReuseIdentifiable.swift in Sources */ = {isa = PBXBuildFile; fileRef = 4D13399327679EDE00B82F9D /* ReuseIdentifiable.swift */; };
		4D221B54277BC1900071098C /* ListProfileImageView.swift in Sources */ = {isa = PBXBuildFile; fileRef = 4D221B53277BC1900071098C /* ListProfileImageView.swift */; };
		4D5FF95F277DF3DD00D6DCDF /* TestArticleViewController.swift in Sources */ = {isa = PBXBuildFile; fileRef = 4D5FF95E277DF3DD00D6DCDF /* TestArticleViewController.swift */; };
		4D6003552779C4540048F566 /* ThemesModel.swift in Sources */ = {isa = PBXBuildFile; fileRef = 4D6003542779C4540048F566 /* ThemesModel.swift */; };
		4D6003572779D2020048F566 /* StartArticleTableViewCell.swift in Sources */ = {isa = PBXBuildFile; fileRef = 4D6003562779D2020048F566 /* StartArticleTableViewCell.swift */; };
		4D6003592779E5BD0048F566 /* AboutArticleTableViewCell.swift in Sources */ = {isa = PBXBuildFile; fileRef = 4D6003582779E5BD0048F566 /* AboutArticleTableViewCell.swift */; };
		4D6B18002768BD6C00A2E6ED /* ListTableViewCell.swift in Sources */ = {isa = PBXBuildFile; fileRef = 4D6B17FF2768BD6C00A2E6ED /* ListTableViewCell.swift */; };
		4D6B18032768D1F400A2E6ED /* ThemesViewController.swift in Sources */ = {isa = PBXBuildFile; fileRef = 4D6B18022768D1F400A2E6ED /* ThemesViewController.swift */; };
		4D6B18052768F19300A2E6ED /* LastNewsTableViewCell.swift in Sources */ = {isa = PBXBuildFile; fileRef = 4D6B18042768F19300A2E6ED /* LastNewsTableViewCell.swift */; };
		4D6B18082768F42A00A2E6ED /* ListModel.swift in Sources */ = {isa = PBXBuildFile; fileRef = 4D6B18072768F42A00A2E6ED /* ListModel.swift */; };
		4D7AE8D9277B973B00358A82 /* ListCollectionViewCell.swift in Sources */ = {isa = PBXBuildFile; fileRef = 4D7AE8D8277B973B00358A82 /* ListCollectionViewCell.swift */; };
		4D843969277C9FCB0032D39E /* ThemesContainer.swift in Sources */ = {isa = PBXBuildFile; fileRef = 4D843968277C9FCB0032D39E /* ThemesContainer.swift */; };
		4D84396B277C9FDB0032D39E /* ThemesProtocols.swift in Sources */ = {isa = PBXBuildFile; fileRef = 4D84396A277C9FDB0032D39E /* ThemesProtocols.swift */; };
		4D84396D277C9FE80032D39E /* ThemesPresenter.swift in Sources */ = {isa = PBXBuildFile; fileRef = 4D84396C277C9FE80032D39E /* ThemesPresenter.swift */; };
		4D84396F277C9FF30032D39E /* ThemesRouter.swift in Sources */ = {isa = PBXBuildFile; fileRef = 4D84396E277C9FF30032D39E /* ThemesRouter.swift */; };
		4D843971277CA29D0032D39E /* ThemesInteractor.swift in Sources */ = {isa = PBXBuildFile; fileRef = 4D843970277CA29D0032D39E /* ThemesInteractor.swift */; };
		4D843973277CF8780032D39E /* UserSettings.swift in Sources */ = {isa = PBXBuildFile; fileRef = 4D843972277CF8780032D39E /* UserSettings.swift */; };
		4D843977277D02D10032D39E /* IntroContainer.swift in Sources */ = {isa = PBXBuildFile; fileRef = 4D843976277D02D10032D39E /* IntroContainer.swift */; };
		4D843979277D02EE0032D39E /* IntroViewController.swift in Sources */ = {isa = PBXBuildFile; fileRef = 4D843978277D02EE0032D39E /* IntroViewController.swift */; };
		4D84397D277D0B3E0032D39E /* UIView + extension.swift in Sources */ = {isa = PBXBuildFile; fileRef = 4D84397C277D0B3E0032D39E /* UIView + extension.swift */; };
		4D84397F277D13DD0032D39E /* IntroNextButton.swift in Sources */ = {isa = PBXBuildFile; fileRef = 4D84397E277D13DD0032D39E /* IntroNextButton.swift */; };
		4D843981277D1E1E0032D39E /* FutureTableViewCell.swift in Sources */ = {isa = PBXBuildFile; fileRef = 4D843980277D1E1E0032D39E /* FutureTableViewCell.swift */; };
		4D843983277D21940032D39E /* StartAnimatedButton.swift in Sources */ = {isa = PBXBuildFile; fileRef = 4D843982277D21940032D39E /* StartAnimatedButton.swift */; };
		4D8F38CC2772184200B2A185 /* TableViewTextCell.swift in Sources */ = {isa = PBXBuildFile; fileRef = 4D8F38CB2772184200B2A185 /* TableViewTextCell.swift */; };
		4DD4E7BE276CEA0400453C4C /* ProfileViewController.swift in Sources */ = {isa = PBXBuildFile; fileRef = 4DD4E7BD276CEA0400453C4C /* ProfileViewController.swift */; };
		4DD4E7C1276CF9A900453C4C /* AppColors.swift in Sources */ = {isa = PBXBuildFile; fileRef = 4DD4E7C0276CF9A900453C4C /* AppColors.swift */; };
		4DD4E7C3276CF9F000453C4C /* Localization.swift in Sources */ = {isa = PBXBuildFile; fileRef = 4DD4E7C2276CF9F000453C4C /* Localization.swift */; };
		4DD8D8902774B26C00CAE79D /* ThemesTableView.swift in Sources */ = {isa = PBXBuildFile; fileRef = 4DD8D88F2774B26C00CAE79D /* ThemesTableView.swift */; };
		4DD8D8932774BDB700CAE79D /* ThemeImageTableViewCell.swift in Sources */ = {isa = PBXBuildFile; fileRef = 4DD8D8922774BDB700CAE79D /* ThemeImageTableViewCell.swift */; };
		4DD8D8952774C03600CAE79D /* ThemesTableViewCell.swift in Sources */ = {isa = PBXBuildFile; fileRef = 4DD8D8942774C03600CAE79D /* ThemesTableViewCell.swift */; };
		4DD8D8972774C93900CAE79D /* ThemeNameTableViewCell.swift in Sources */ = {isa = PBXBuildFile; fileRef = 4DD8D8962774C93900CAE79D /* ThemeNameTableViewCell.swift */; };
		4DF2F2982770D32E00152846 /* TableViewButton.swift in Sources */ = {isa = PBXBuildFile; fileRef = 4DF2F2972770D32E00152846 /* TableViewButton.swift */; };
		4DF2F29A2770D36200152846 /* Other.swift in Sources */ = {isa = PBXBuildFile; fileRef = 4DF2F2992770D36200152846 /* Other.swift */; };
/* End PBXBuildFile section */

/* Begin PBXFileReference section */
		4D025708277B8CBA008E349C /* ListCollectionView.swift */ = {isa = PBXFileReference; lastKnownFileType = sourcecode.swift; path = ListCollectionView.swift; sourceTree = "<group>"; };
		4D028C0F27624F77006AA477 /* hseHelper.app */ = {isa = PBXFileReference; explicitFileType = wrapper.application; includeInIndex = 0; path = hseHelper.app; sourceTree = BUILT_PRODUCTS_DIR; };
		4D028C1227624F78006AA477 /* AppDelegate.swift */ = {isa = PBXFileReference; lastKnownFileType = sourcecode.swift; path = AppDelegate.swift; sourceTree = "<group>"; };
		4D028C1B27624F79006AA477 /* Assets.xcassets */ = {isa = PBXFileReference; lastKnownFileType = folder.assetcatalog; path = Assets.xcassets; sourceTree = "<group>"; };
		4D028C1E27624F79006AA477 /* Base */ = {isa = PBXFileReference; lastKnownFileType = file.storyboard; name = Base; path = Base.lproj/LaunchScreen.storyboard; sourceTree = "<group>"; };
		4D028C2027624F79006AA477 /* Info.plist */ = {isa = PBXFileReference; lastKnownFileType = text.plist.xml; path = Info.plist; sourceTree = "<group>"; };
		4D028C2727626527006AA477 /* AppCoordinator.swift */ = {isa = PBXFileReference; lastKnownFileType = sourcecode.swift; path = AppCoordinator.swift; sourceTree = "<group>"; };
		4D13398127677C4A00B82F9D /* ListContainer.swift */ = {isa = PBXFileReference; lastKnownFileType = sourcecode.swift; path = ListContainer.swift; sourceTree = "<group>"; };
		4D13398327677C6000B82F9D /* ListViewController.swift */ = {isa = PBXFileReference; lastKnownFileType = sourcecode.swift; path = ListViewController.swift; sourceTree = "<group>"; };
		4D13398527677C7500B82F9D /* ListRouter.swift */ = {isa = PBXFileReference; lastKnownFileType = sourcecode.swift; path = ListRouter.swift; sourceTree = "<group>"; };
		4D13398727677C8600B82F9D /* ListInteractor.swift */ = {isa = PBXFileReference; lastKnownFileType = sourcecode.swift; path = ListInteractor.swift; sourceTree = "<group>"; };
		4D13398927677CA600B82F9D /* ListPresenter.swift */ = {isa = PBXFileReference; lastKnownFileType = sourcecode.swift; path = ListPresenter.swift; sourceTree = "<group>"; };
		4D13398B27677CFE00B82F9D /* ListProtocols.swift */ = {isa = PBXFileReference; lastKnownFileType = sourcecode.swift; path = ListProtocols.swift; sourceTree = "<group>"; };
		4D13399027678CCA00B82F9D /* ListTableView.swift */ = {isa = PBXFileReference; lastKnownFileType = sourcecode.swift; path = ListTableView.swift; sourceTree = "<group>"; };
		4D13399327679EDE00B82F9D /* ReuseIdentifiable.swift */ = {isa = PBXFileReference; lastKnownFileType = sourcecode.swift; path = ReuseIdentifiable.swift; sourceTree = "<group>"; };
		4D221B53277BC1900071098C /* ListProfileImageView.swift */ = {isa = PBXFileReference; lastKnownFileType = sourcecode.swift; path = ListProfileImageView.swift; sourceTree = "<group>"; };
		4D5FF95E277DF3DD00D6DCDF /* TestArticleViewController.swift */ = {isa = PBXFileReference; lastKnownFileType = sourcecode.swift; path = TestArticleViewController.swift; sourceTree = "<group>"; };
		4D6003542779C4540048F566 /* ThemesModel.swift */ = {isa = PBXFileReference; lastKnownFileType = sourcecode.swift; path = ThemesModel.swift; sourceTree = "<group>"; };
		4D6003562779D2020048F566 /* StartArticleTableViewCell.swift */ = {isa = PBXFileReference; lastKnownFileType = sourcecode.swift; path = StartArticleTableViewCell.swift; sourceTree = "<group>"; };
		4D6003582779E5BD0048F566 /* AboutArticleTableViewCell.swift */ = {isa = PBXFileReference; lastKnownFileType = sourcecode.swift; path = AboutArticleTableViewCell.swift; sourceTree = "<group>"; };
		4D6B17FF2768BD6C00A2E6ED /* ListTableViewCell.swift */ = {isa = PBXFileReference; lastKnownFileType = sourcecode.swift; path = ListTableViewCell.swift; sourceTree = "<group>"; };
		4D6B18022768D1F400A2E6ED /* ThemesViewController.swift */ = {isa = PBXFileReference; lastKnownFileType = sourcecode.swift; path = ThemesViewController.swift; sourceTree = "<group>"; };
		4D6B18042768F19300A2E6ED /* LastNewsTableViewCell.swift */ = {isa = PBXFileReference; lastKnownFileType = sourcecode.swift; path = LastNewsTableViewCell.swift; sourceTree = "<group>"; };
		4D6B18072768F42A00A2E6ED /* ListModel.swift */ = {isa = PBXFileReference; lastKnownFileType = sourcecode.swift; path = ListModel.swift; sourceTree = "<group>"; };
		4D7AE8D8277B973B00358A82 /* ListCollectionViewCell.swift */ = {isa = PBXFileReference; lastKnownFileType = sourcecode.swift; path = ListCollectionViewCell.swift; sourceTree = "<group>"; };
		4D843968277C9FCB0032D39E /* ThemesContainer.swift */ = {isa = PBXFileReference; lastKnownFileType = sourcecode.swift; path = ThemesContainer.swift; sourceTree = "<group>"; };
		4D84396A277C9FDB0032D39E /* ThemesProtocols.swift */ = {isa = PBXFileReference; lastKnownFileType = sourcecode.swift; path = ThemesProtocols.swift; sourceTree = "<group>"; };
		4D84396C277C9FE80032D39E /* ThemesPresenter.swift */ = {isa = PBXFileReference; lastKnownFileType = sourcecode.swift; path = ThemesPresenter.swift; sourceTree = "<group>"; };
		4D84396E277C9FF30032D39E /* ThemesRouter.swift */ = {isa = PBXFileReference; lastKnownFileType = sourcecode.swift; path = ThemesRouter.swift; sourceTree = "<group>"; };
		4D843970277CA29D0032D39E /* ThemesInteractor.swift */ = {isa = PBXFileReference; lastKnownFileType = sourcecode.swift; path = ThemesInteractor.swift; sourceTree = "<group>"; };
		4D843972277CF8780032D39E /* UserSettings.swift */ = {isa = PBXFileReference; lastKnownFileType = sourcecode.swift; path = UserSettings.swift; sourceTree = "<group>"; };
		4D843976277D02D10032D39E /* IntroContainer.swift */ = {isa = PBXFileReference; lastKnownFileType = sourcecode.swift; path = IntroContainer.swift; sourceTree = "<group>"; };
		4D843978277D02EE0032D39E /* IntroViewController.swift */ = {isa = PBXFileReference; lastKnownFileType = sourcecode.swift; path = IntroViewController.swift; sourceTree = "<group>"; };
		4D84397C277D0B3E0032D39E /* UIView + extension.swift */ = {isa = PBXFileReference; lastKnownFileType = sourcecode.swift; path = "UIView + extension.swift"; sourceTree = "<group>"; };
		4D84397E277D13DD0032D39E /* IntroNextButton.swift */ = {isa = PBXFileReference; lastKnownFileType = sourcecode.swift; path = IntroNextButton.swift; sourceTree = "<group>"; };
		4D843980277D1E1E0032D39E /* FutureTableViewCell.swift */ = {isa = PBXFileReference; lastKnownFileType = sourcecode.swift; path = FutureTableViewCell.swift; sourceTree = "<group>"; };
		4D843982277D21940032D39E /* StartAnimatedButton.swift */ = {isa = PBXFileReference; lastKnownFileType = sourcecode.swift; path = StartAnimatedButton.swift; sourceTree = "<group>"; };
		4D8F38CB2772184200B2A185 /* TableViewTextCell.swift */ = {isa = PBXFileReference; lastKnownFileType = sourcecode.swift; path = TableViewTextCell.swift; sourceTree = "<group>"; };
		4DD4E7BD276CEA0400453C4C /* ProfileViewController.swift */ = {isa = PBXFileReference; lastKnownFileType = sourcecode.swift; path = ProfileViewController.swift; sourceTree = "<group>"; };
		4DD4E7C0276CF9A900453C4C /* AppColors.swift */ = {isa = PBXFileReference; lastKnownFileType = sourcecode.swift; path = AppColors.swift; sourceTree = "<group>"; };
		4DD4E7C2276CF9F000453C4C /* Localization.swift */ = {isa = PBXFileReference; lastKnownFileType = sourcecode.swift; path = Localization.swift; sourceTree = "<group>"; };
		4DD8D88F2774B26C00CAE79D /* ThemesTableView.swift */ = {isa = PBXFileReference; lastKnownFileType = sourcecode.swift; path = ThemesTableView.swift; sourceTree = "<group>"; };
		4DD8D8922774BDB700CAE79D /* ThemeImageTableViewCell.swift */ = {isa = PBXFileReference; lastKnownFileType = sourcecode.swift; path = ThemeImageTableViewCell.swift; sourceTree = "<group>"; };
		4DD8D8942774C03600CAE79D /* ThemesTableViewCell.swift */ = {isa = PBXFileReference; lastKnownFileType = sourcecode.swift; path = ThemesTableViewCell.swift; sourceTree = "<group>"; };
		4DD8D8962774C93900CAE79D /* ThemeNameTableViewCell.swift */ = {isa = PBXFileReference; lastKnownFileType = sourcecode.swift; path = ThemeNameTableViewCell.swift; sourceTree = "<group>"; };
		4DF2F2972770D32E00152846 /* TableViewButton.swift */ = {isa = PBXFileReference; lastKnownFileType = sourcecode.swift; path = TableViewButton.swift; sourceTree = "<group>"; };
		4DF2F2992770D36200152846 /* Other.swift */ = {isa = PBXFileReference; lastKnownFileType = sourcecode.swift; path = Other.swift; sourceTree = "<group>"; };
/* End PBXFileReference section */

/* Begin PBXFrameworksBuildPhase section */
		4D028C0C27624F77006AA477 /* Frameworks */ = {
			isa = PBXFrameworksBuildPhase;
			buildActionMask = 2147483647;
			files = (
			);
			runOnlyForDeploymentPostprocessing = 0;
		};
/* End PBXFrameworksBuildPhase section */

/* Begin PBXGroup section */
		4D028C0627624F77006AA477 = {
			isa = PBXGroup;
			children = (
				4D028C1127624F78006AA477 /* hseHelper */,
				4D028C1027624F77006AA477 /* Products */,
			);
			sourceTree = "<group>";
		};
		4D028C1027624F77006AA477 /* Products */ = {
			isa = PBXGroup;
			children = (
				4D028C0F27624F77006AA477 /* hseHelper.app */,
			);
			name = Products;
			sourceTree = "<group>";
		};
		4D028C1127624F78006AA477 /* hseHelper */ = {
			isa = PBXGroup;
			children = (
				4D028C1227624F78006AA477 /* AppDelegate.swift */,
				4D028C2927626674006AA477 /* Root */,
				4D028C26276264E8006AA477 /* Coordinator */,
				4D13399227678CE700B82F9D /* Extensions */,
				4DD4E7BF276CF95F00453C4C /* Helpers */,
				4D028C1B27624F79006AA477 /* Assets.xcassets */,
				4D028C1D27624F79006AA477 /* LaunchScreen.storyboard */,
				4D028C2027624F79006AA477 /* Info.plist */,
			);
			path = hseHelper;
			sourceTree = "<group>";
		};
		4D028C26276264E8006AA477 /* Coordinator */ = {
			isa = PBXGroup;
			children = (
				4D028C2727626527006AA477 /* AppCoordinator.swift */,
			);
			path = Coordinator;
			sourceTree = "<group>";
		};
		4D028C2927626674006AA477 /* Root */ = {
			isa = PBXGroup;
			children = (
				4D028C2A2762667F006AA477 /* Main */,
			);
			path = Root;
			sourceTree = "<group>";
		};
		4D028C2A2762667F006AA477 /* Main */ = {
			isa = PBXGroup;
			children = (
				4D5FF95D277DF3C500D6DCDF /* ArticleModule */,
				4D13398027677C1100B82F9D /* ListModule */,
				4D6B18012768D1AF00A2E6ED /* ThemesModule */,
				4DD4E7BC276CE9AB00453C4C /* ProfileModule */,
				4D843975277D02B60032D39E /* IntroModule */,
			);
			path = Main;
			sourceTree = "<group>";
		};
		4D13398027677C1100B82F9D /* ListModule */ = {
			isa = PBXGroup;
			children = (
				4D13398127677C4A00B82F9D /* ListContainer.swift */,
				4D13398B27677CFE00B82F9D /* ListProtocols.swift */,
				4D13398327677C6000B82F9D /* ListViewController.swift */,
				4D13398927677CA600B82F9D /* ListPresenter.swift */,
				4D13398727677C8600B82F9D /* ListInteractor.swift */,
				4D13398527677C7500B82F9D /* ListRouter.swift */,
				4D6B18062768F33F00A2E6ED /* Model */,
				4D13398F27678CBE00B82F9D /* Views */,
			);
			path = ListModule;
			sourceTree = "<group>";
		};
		4D13398F27678CBE00B82F9D /* Views */ = {
			isa = PBXGroup;
			children = (
				4D13399027678CCA00B82F9D /* ListTableView.swift */,
				4D221B53277BC1900071098C /* ListProfileImageView.swift */,
				4D6B17FF2768BD6C00A2E6ED /* ListTableViewCell.swift */,
				4D8F38CB2772184200B2A185 /* TableViewTextCell.swift */,
				4D6B18042768F19300A2E6ED /* LastNewsTableViewCell.swift */,
				4DF2F2972770D32E00152846 /* TableViewButton.swift */,
				4D025708277B8CBA008E349C /* ListCollectionView.swift */,
				4D7AE8D8277B973B00358A82 /* ListCollectionViewCell.swift */,
				4D843980277D1E1E0032D39E /* FutureTableViewCell.swift */,
			);
			path = Views;
			sourceTree = "<group>";
		};
		4D13399227678CE700B82F9D /* Extensions */ = {
			isa = PBXGroup;
			children = (
				4D13399327679EDE00B82F9D /* ReuseIdentifiable.swift */,
				4D84397C277D0B3E0032D39E /* UIView + extension.swift */,
			);
			path = Extensions;
			sourceTree = "<group>";
		};
		4D5FF95D277DF3C500D6DCDF /* ArticleModule */ = {
			isa = PBXGroup;
			children = (
				4D5FF95E277DF3DD00D6DCDF /* TestArticleViewController.swift */,
			);
			path = ArticleModule;
			sourceTree = "<group>";
		};
		4D6003532779C4470048F566 /* Model */ = {
			isa = PBXGroup;
			children = (
				4D6003542779C4540048F566 /* ThemesModel.swift */,
			);
			path = Model;
			sourceTree = "<group>";
		};
		4D6B18012768D1AF00A2E6ED /* ThemesModule */ = {
			isa = PBXGroup;
			children = (
				4D843968277C9FCB0032D39E /* ThemesContainer.swift */,
				4D84396A277C9FDB0032D39E /* ThemesProtocols.swift */,
				4D6B18022768D1F400A2E6ED /* ThemesViewController.swift */,
				4D84396C277C9FE80032D39E /* ThemesPresenter.swift */,
				4D843970277CA29D0032D39E /* ThemesInteractor.swift */,
				4D84396E277C9FF30032D39E /* ThemesRouter.swift */,
				4D6003532779C4470048F566 /* Model */,
				4DD8D8912774B2DF00CAE79D /* Views */,
			);
			path = ThemesModule;
			sourceTree = "<group>";
		};
		4D6B18062768F33F00A2E6ED /* Model */ = {
			isa = PBXGroup;
			children = (
				4D6B18072768F42A00A2E6ED /* ListModel.swift */,
			);
			path = Model;
			sourceTree = "<group>";
		};
		4D843975277D02B60032D39E /* IntroModule */ = {
			isa = PBXGroup;
			children = (
				4D843976277D02D10032D39E /* IntroContainer.swift */,
				4D843978277D02EE0032D39E /* IntroViewController.swift */,
				4D84397E277D13DD0032D39E /* IntroNextButton.swift */,
			);
			path = IntroModule;
			sourceTree = "<group>";
		};
		4DD4E7BC276CE9AB00453C4C /* ProfileModule */ = {
			isa = PBXGroup;
			children = (
				4DD4E7BD276CEA0400453C4C /* ProfileViewController.swift */,
			);
			path = ProfileModule;
			sourceTree = "<group>";
		};
		4DD4E7BF276CF95F00453C4C /* Helpers */ = {
			isa = PBXGroup;
			children = (
				4DD4E7C0276CF9A900453C4C /* AppColors.swift */,
				4DD4E7C2276CF9F000453C4C /* Localization.swift */,
				4DF2F2992770D36200152846 /* Other.swift */,
				4D843972277CF8780032D39E /* UserSettings.swift */,
			);
			path = Helpers;
			sourceTree = "<group>";
		};
		4DD8D8912774B2DF00CAE79D /* Views */ = {
			isa = PBXGroup;
			children = (
				4DD8D88F2774B26C00CAE79D /* ThemesTableView.swift */,
				4DD8D8962774C93900CAE79D /* ThemeNameTableViewCell.swift */,
				4DD8D8942774C03600CAE79D /* ThemesTableViewCell.swift */,
				4DD8D8922774BDB700CAE79D /* ThemeImageTableViewCell.swift */,
				4D6003562779D2020048F566 /* StartArticleTableViewCell.swift */,
				4D843982277D21940032D39E /* StartAnimatedButton.swift */,
				4D6003582779E5BD0048F566 /* AboutArticleTableViewCell.swift */,
			);
			path = Views;
			sourceTree = "<group>";
		};
/* End PBXGroup section */

/* Begin PBXNativeTarget section */
		4D028C0E27624F77006AA477 /* hseHelper */ = {
			isa = PBXNativeTarget;
			buildConfigurationList = 4D028C2327624F79006AA477 /* Build configuration list for PBXNativeTarget "hseHelper" */;
			buildPhases = (
				4D028C0B27624F77006AA477 /* Sources */,
				4D028C0C27624F77006AA477 /* Frameworks */,
				4D028C0D27624F77006AA477 /* Resources */,
			);
			buildRules = (
			);
			dependencies = (
			);
			name = hseHelper;
			productName = hseHelper;
			productReference = 4D028C0F27624F77006AA477 /* hseHelper.app */;
			productType = "com.apple.product-type.application";
		};
/* End PBXNativeTarget section */

/* Begin PBXProject section */
		4D028C0727624F77006AA477 /* Project object */ = {
			isa = PBXProject;
			attributes = {
				BuildIndependentTargetsInParallel = 1;
				LastSwiftUpdateCheck = 1300;
				LastUpgradeCheck = 1300;
				TargetAttributes = {
					4D028C0E27624F77006AA477 = {
						CreatedOnToolsVersion = 13.0;
					};
				};
			};
			buildConfigurationList = 4D028C0A27624F77006AA477 /* Build configuration list for PBXProject "hseHelper" */;
			compatibilityVersion = "Xcode 13.0";
			developmentRegion = en;
			hasScannedForEncodings = 0;
			knownRegions = (
				en,
				Base,
			);
			mainGroup = 4D028C0627624F77006AA477;
			productRefGroup = 4D028C1027624F77006AA477 /* Products */;
			projectDirPath = "";
			projectRoot = "";
			targets = (
				4D028C0E27624F77006AA477 /* hseHelper */,
			);
		};
/* End PBXProject section */

/* Begin PBXResourcesBuildPhase section */
		4D028C0D27624F77006AA477 /* Resources */ = {
			isa = PBXResourcesBuildPhase;
			buildActionMask = 2147483647;
			files = (
				4D028C1F27624F79006AA477 /* LaunchScreen.storyboard in Resources */,
				4D028C1C27624F79006AA477 /* Assets.xcassets in Resources */,
			);
			runOnlyForDeploymentPostprocessing = 0;
		};
/* End PBXResourcesBuildPhase section */

/* Begin PBXSourcesBuildPhase section */
		4D028C0B27624F77006AA477 /* Sources */ = {
			isa = PBXSourcesBuildPhase;
			buildActionMask = 2147483647;
			files = (
				4D6B18002768BD6C00A2E6ED /* ListTableViewCell.swift in Sources */,
				4DD8D8902774B26C00CAE79D /* ThemesTableView.swift in Sources */,
				4D843969277C9FCB0032D39E /* ThemesContainer.swift in Sources */,
				4DD4E7C3276CF9F000453C4C /* Localization.swift in Sources */,
				4D7AE8D9277B973B00358A82 /* ListCollectionViewCell.swift in Sources */,
				4D8F38CC2772184200B2A185 /* TableViewTextCell.swift in Sources */,
				4D028C2827626527006AA477 /* AppCoordinator.swift in Sources */,
				4D84397F277D13DD0032D39E /* IntroNextButton.swift in Sources */,
				4DD8D8932774BDB700CAE79D /* ThemeImageTableViewCell.swift in Sources */,
				4DD8D8952774C03600CAE79D /* ThemesTableViewCell.swift in Sources */,
				4DF2F2982770D32E00152846 /* TableViewButton.swift in Sources */,
				4D84396F277C9FF30032D39E /* ThemesRouter.swift in Sources */,
				4D84396D277C9FE80032D39E /* ThemesPresenter.swift in Sources */,
				4D13398627677C7500B82F9D /* ListRouter.swift in Sources */,
				4D843973277CF8780032D39E /* UserSettings.swift in Sources */,
				4D84397D277D0B3E0032D39E /* UIView + extension.swift in Sources */,
				4D13398827677C8600B82F9D /* ListInteractor.swift in Sources */,
				4D843983277D21940032D39E /* StartAnimatedButton.swift in Sources */,
				4D13398227677C4A00B82F9D /* ListContainer.swift in Sources */,
				4D6003592779E5BD0048F566 /* AboutArticleTableViewCell.swift in Sources */,
				4D13399127678CCA00B82F9D /* ListTableView.swift in Sources */,
				4D6003552779C4540048F566 /* ThemesModel.swift in Sources */,
				4D028C1327624F78006AA477 /* AppDelegate.swift in Sources */,
				4D13399427679EDE00B82F9D /* ReuseIdentifiable.swift in Sources */,
				4D843977277D02D10032D39E /* IntroContainer.swift in Sources */,
				4D6003572779D2020048F566 /* StartArticleTableViewCell.swift in Sources */,
				4D13398A27677CA600B82F9D /* ListPresenter.swift in Sources */,
				4DD4E7C1276CF9A900453C4C /* AppColors.swift in Sources */,
				4D5FF95F277DF3DD00D6DCDF /* TestArticleViewController.swift in Sources */,
				4D6B18052768F19300A2E6ED /* LastNewsTableViewCell.swift in Sources */,
				4D13398C27677CFE00B82F9D /* ListProtocols.swift in Sources */,
				4DF2F29A2770D36200152846 /* Other.swift in Sources */,
				4D025709277B8CBA008E349C /* ListCollectionView.swift in Sources */,
				4D221B54277BC1900071098C /* ListProfileImageView.swift in Sources */,
				4D6B18082768F42A00A2E6ED /* ListModel.swift in Sources */,
				4D84396B277C9FDB0032D39E /* ThemesProtocols.swift in Sources */,
				4DD4E7BE276CEA0400453C4C /* ProfileViewController.swift in Sources */,
				4D6B18032768D1F400A2E6ED /* ThemesViewController.swift in Sources */,
				4DD8D8972774C93900CAE79D /* ThemeNameTableViewCell.swift in Sources */,
				4D843981277D1E1E0032D39E /* FutureTableViewCell.swift in Sources */,
				4D843971277CA29D0032D39E /* ThemesInteractor.swift in Sources */,
				4D13398427677C6000B82F9D /* ListViewController.swift in Sources */,
				4D843979277D02EE0032D39E /* IntroViewController.swift in Sources */,
			);
			runOnlyForDeploymentPostprocessing = 0;
		};
/* End PBXSourcesBuildPhase section */

/* Begin PBXVariantGroup section */
		4D028C1D27624F79006AA477 /* LaunchScreen.storyboard */ = {
			isa = PBXVariantGroup;
			children = (
				4D028C1E27624F79006AA477 /* Base */,
			);
			name = LaunchScreen.storyboard;
			sourceTree = "<group>";
		};
/* End PBXVariantGroup section */

/* Begin XCBuildConfiguration section */
		4D028C2127624F79006AA477 /* Debug */ = {
			isa = XCBuildConfiguration;
			buildSettings = {
				ALWAYS_SEARCH_USER_PATHS = NO;
				CLANG_ANALYZER_NONNULL = YES;
				CLANG_ANALYZER_NUMBER_OBJECT_CONVERSION = YES_AGGRESSIVE;
				CLANG_CXX_LANGUAGE_STANDARD = "gnu++17";
				CLANG_CXX_LIBRARY = "libc++";
				CLANG_ENABLE_MODULES = YES;
				CLANG_ENABLE_OBJC_ARC = YES;
				CLANG_ENABLE_OBJC_WEAK = YES;
				CLANG_WARN_BLOCK_CAPTURE_AUTORELEASING = YES;
				CLANG_WARN_BOOL_CONVERSION = YES;
				CLANG_WARN_COMMA = YES;
				CLANG_WARN_CONSTANT_CONVERSION = YES;
				CLANG_WARN_DEPRECATED_OBJC_IMPLEMENTATIONS = YES;
				CLANG_WARN_DIRECT_OBJC_ISA_USAGE = YES_ERROR;
				CLANG_WARN_DOCUMENTATION_COMMENTS = YES;
				CLANG_WARN_EMPTY_BODY = YES;
				CLANG_WARN_ENUM_CONVERSION = YES;
				CLANG_WARN_INFINITE_RECURSION = YES;
				CLANG_WARN_INT_CONVERSION = YES;
				CLANG_WARN_NON_LITERAL_NULL_CONVERSION = YES;
				CLANG_WARN_OBJC_IMPLICIT_RETAIN_SELF = YES;
				CLANG_WARN_OBJC_LITERAL_CONVERSION = YES;
				CLANG_WARN_OBJC_ROOT_CLASS = YES_ERROR;
				CLANG_WARN_QUOTED_INCLUDE_IN_FRAMEWORK_HEADER = YES;
				CLANG_WARN_RANGE_LOOP_ANALYSIS = YES;
				CLANG_WARN_STRICT_PROTOTYPES = YES;
				CLANG_WARN_SUSPICIOUS_MOVE = YES;
				CLANG_WARN_UNGUARDED_AVAILABILITY = YES_AGGRESSIVE;
				CLANG_WARN_UNREACHABLE_CODE = YES;
				CLANG_WARN__DUPLICATE_METHOD_MATCH = YES;
				COPY_PHASE_STRIP = NO;
				DEBUG_INFORMATION_FORMAT = dwarf;
				ENABLE_STRICT_OBJC_MSGSEND = YES;
				ENABLE_TESTABILITY = YES;
				GCC_C_LANGUAGE_STANDARD = gnu11;
				GCC_DYNAMIC_NO_PIC = NO;
				GCC_NO_COMMON_BLOCKS = YES;
				GCC_OPTIMIZATION_LEVEL = 0;
				GCC_PREPROCESSOR_DEFINITIONS = (
					"DEBUG=1",
					"$(inherited)",
				);
				GCC_WARN_64_TO_32_BIT_CONVERSION = YES;
				GCC_WARN_ABOUT_RETURN_TYPE = YES_ERROR;
				GCC_WARN_UNDECLARED_SELECTOR = YES;
				GCC_WARN_UNINITIALIZED_AUTOS = YES_AGGRESSIVE;
				GCC_WARN_UNUSED_FUNCTION = YES;
				GCC_WARN_UNUSED_VARIABLE = YES;
				IPHONEOS_DEPLOYMENT_TARGET = 15.0;
				MTL_ENABLE_DEBUG_INFO = INCLUDE_SOURCE;
				MTL_FAST_MATH = YES;
				ONLY_ACTIVE_ARCH = YES;
				SDKROOT = iphoneos;
				SWIFT_ACTIVE_COMPILATION_CONDITIONS = DEBUG;
				SWIFT_OPTIMIZATION_LEVEL = "-Onone";
			};
			name = Debug;
		};
		4D028C2227624F79006AA477 /* Release */ = {
			isa = XCBuildConfiguration;
			buildSettings = {
				ALWAYS_SEARCH_USER_PATHS = NO;
				CLANG_ANALYZER_NONNULL = YES;
				CLANG_ANALYZER_NUMBER_OBJECT_CONVERSION = YES_AGGRESSIVE;
				CLANG_CXX_LANGUAGE_STANDARD = "gnu++17";
				CLANG_CXX_LIBRARY = "libc++";
				CLANG_ENABLE_MODULES = YES;
				CLANG_ENABLE_OBJC_ARC = YES;
				CLANG_ENABLE_OBJC_WEAK = YES;
				CLANG_WARN_BLOCK_CAPTURE_AUTORELEASING = YES;
				CLANG_WARN_BOOL_CONVERSION = YES;
				CLANG_WARN_COMMA = YES;
				CLANG_WARN_CONSTANT_CONVERSION = YES;
				CLANG_WARN_DEPRECATED_OBJC_IMPLEMENTATIONS = YES;
				CLANG_WARN_DIRECT_OBJC_ISA_USAGE = YES_ERROR;
				CLANG_WARN_DOCUMENTATION_COMMENTS = YES;
				CLANG_WARN_EMPTY_BODY = YES;
				CLANG_WARN_ENUM_CONVERSION = YES;
				CLANG_WARN_INFINITE_RECURSION = YES;
				CLANG_WARN_INT_CONVERSION = YES;
				CLANG_WARN_NON_LITERAL_NULL_CONVERSION = YES;
				CLANG_WARN_OBJC_IMPLICIT_RETAIN_SELF = YES;
				CLANG_WARN_OBJC_LITERAL_CONVERSION = YES;
				CLANG_WARN_OBJC_ROOT_CLASS = YES_ERROR;
				CLANG_WARN_QUOTED_INCLUDE_IN_FRAMEWORK_HEADER = YES;
				CLANG_WARN_RANGE_LOOP_ANALYSIS = YES;
				CLANG_WARN_STRICT_PROTOTYPES = YES;
				CLANG_WARN_SUSPICIOUS_MOVE = YES;
				CLANG_WARN_UNGUARDED_AVAILABILITY = YES_AGGRESSIVE;
				CLANG_WARN_UNREACHABLE_CODE = YES;
				CLANG_WARN__DUPLICATE_METHOD_MATCH = YES;
				COPY_PHASE_STRIP = NO;
				DEBUG_INFORMATION_FORMAT = "dwarf-with-dsym";
				ENABLE_NS_ASSERTIONS = NO;
				ENABLE_STRICT_OBJC_MSGSEND = YES;
				GCC_C_LANGUAGE_STANDARD = gnu11;
				GCC_NO_COMMON_BLOCKS = YES;
				GCC_WARN_64_TO_32_BIT_CONVERSION = YES;
				GCC_WARN_ABOUT_RETURN_TYPE = YES_ERROR;
				GCC_WARN_UNDECLARED_SELECTOR = YES;
				GCC_WARN_UNINITIALIZED_AUTOS = YES_AGGRESSIVE;
				GCC_WARN_UNUSED_FUNCTION = YES;
				GCC_WARN_UNUSED_VARIABLE = YES;
				IPHONEOS_DEPLOYMENT_TARGET = 15.0;
				MTL_ENABLE_DEBUG_INFO = NO;
				MTL_FAST_MATH = YES;
				SDKROOT = iphoneos;
				SWIFT_COMPILATION_MODE = wholemodule;
				SWIFT_OPTIMIZATION_LEVEL = "-O";
				VALIDATE_PRODUCT = YES;
			};
			name = Release;
		};
		4D028C2427624F79006AA477 /* Debug */ = {
			isa = XCBuildConfiguration;
			buildSettings = {
				ASSETCATALOG_COMPILER_APPICON_NAME = AppIcon;
				ASSETCATALOG_COMPILER_GLOBAL_ACCENT_COLOR_NAME = AccentColor;
				CODE_SIGN_STYLE = Automatic;
				CURRENT_PROJECT_VERSION = 1;
				DEVELOPMENT_TEAM = X9HZ2QY6GJ;
				GENERATE_INFOPLIST_FILE = YES;
				INFOPLIST_FILE = hseHelper/Info.plist;
				INFOPLIST_KEY_UIApplicationSupportsIndirectInputEvents = YES;
				INFOPLIST_KEY_UILaunchStoryboardName = LaunchScreen;
				INFOPLIST_KEY_UISupportedInterfaceOrientations = UIInterfaceOrientationPortrait;
				INFOPLIST_KEY_UISupportedInterfaceOrientations_iPad = "UIInterfaceOrientationPortrait UIInterfaceOrientationPortraitUpsideDown UIInterfaceOrientationLandscapeLeft UIInterfaceOrientationLandscapeRight";
				INFOPLIST_KEY_UISupportedInterfaceOrientations_iPhone = "UIInterfaceOrientationPortrait UIInterfaceOrientationLandscapeLeft UIInterfaceOrientationLandscapeRight";
				IPHONEOS_DEPLOYMENT_TARGET = 12.0;
				LD_RUNPATH_SEARCH_PATHS = (
					"$(inherited)",
					"@executable_path/Frameworks",
				);
				MARKETING_VERSION = 1.0;
				PRODUCT_BUNDLE_IDENTIFIER = ru.SavvaShuliatev.hseHelper;
				PRODUCT_NAME = "$(TARGET_NAME)";
				SWIFT_EMIT_LOC_STRINGS = YES;
				SWIFT_VERSION = 5.0;
				TARGETED_DEVICE_FAMILY = 1;
			};
			name = Debug;
		};
		4D028C2527624F79006AA477 /* Release */ = {
			isa = XCBuildConfiguration;
			buildSettings = {
				ASSETCATALOG_COMPILER_APPICON_NAME = AppIcon;
				ASSETCATALOG_COMPILER_GLOBAL_ACCENT_COLOR_NAME = AccentColor;
				CODE_SIGN_STYLE = Automatic;
				CURRENT_PROJECT_VERSION = 1;
				DEVELOPMENT_TEAM = X9HZ2QY6GJ;
				GENERATE_INFOPLIST_FILE = YES;
				INFOPLIST_FILE = hseHelper/Info.plist;
				INFOPLIST_KEY_UIApplicationSupportsIndirectInputEvents = YES;
				INFOPLIST_KEY_UILaunchStoryboardName = LaunchScreen;
				INFOPLIST_KEY_UISupportedInterfaceOrientations = UIInterfaceOrientationPortrait;
				INFOPLIST_KEY_UISupportedInterfaceOrientations_iPad = "UIInterfaceOrientationPortrait UIInterfaceOrientationPortraitUpsideDown UIInterfaceOrientationLandscapeLeft UIInterfaceOrientationLandscapeRight";
				INFOPLIST_KEY_UISupportedInterfaceOrientations_iPhone = "UIInterfaceOrientationPortrait UIInterfaceOrientationLandscapeLeft UIInterfaceOrientationLandscapeRight";
				IPHONEOS_DEPLOYMENT_TARGET = 12.0;
				LD_RUNPATH_SEARCH_PATHS = (
					"$(inherited)",
					"@executable_path/Frameworks",
				);
				MARKETING_VERSION = 1.0;
				PRODUCT_BUNDLE_IDENTIFIER = ru.SavvaShuliatev.hseHelper;
				PRODUCT_NAME = "$(TARGET_NAME)";
				SWIFT_EMIT_LOC_STRINGS = YES;
				SWIFT_VERSION = 5.0;
				TARGETED_DEVICE_FAMILY = 1;
			};
			name = Release;
		};
/* End XCBuildConfiguration section */

/* Begin XCConfigurationList section */
		4D028C0A27624F77006AA477 /* Build configuration list for PBXProject "hseHelper" */ = {
			isa = XCConfigurationList;
			buildConfigurations = (
				4D028C2127624F79006AA477 /* Debug */,
				4D028C2227624F79006AA477 /* Release */,
			);
			defaultConfigurationIsVisible = 0;
			defaultConfigurationName = Release;
		};
		4D028C2327624F79006AA477 /* Build configuration list for PBXNativeTarget "hseHelper" */ = {
			isa = XCConfigurationList;
			buildConfigurations = (
				4D028C2427624F79006AA477 /* Debug */,
				4D028C2527624F79006AA477 /* Release */,
			);
			defaultConfigurationIsVisible = 0;
			defaultConfigurationName = Release;
		};
/* End XCConfigurationList section */
	};
	rootObject = 4D028C0727624F77006AA477 /* Project object */;
}
